// !$*UTF8*$!
{
	archiveVersion = 1;
	classes = {
	};
	objectVersion = 46;
	objects = {

/* Begin PBXBuildFile section */
		2A38B3851D12EC76000A496B /* AppDelegate.swift in Sources */ = {isa = PBXBuildFile; fileRef = 2A38B3841D12EC76000A496B /* AppDelegate.swift */; };
		2A38B3871D12EC76000A496B /* ViewController.swift in Sources */ = {isa = PBXBuildFile; fileRef = 2A38B3861D12EC76000A496B /* ViewController.swift */; };
		2A38B38A1D12EC76000A496B /* Main.storyboard in Resources */ = {isa = PBXBuildFile; fileRef = 2A38B3881D12EC76000A496B /* Main.storyboard */; };
		2A38B38C1D12EC76000A496B /* Assets.xcassets in Resources */ = {isa = PBXBuildFile; fileRef = 2A38B38B1D12EC76000A496B /* Assets.xcassets */; };
		2A38B38F1D12EC76000A496B /* LaunchScreen.storyboard in Resources */ = {isa = PBXBuildFile; fileRef = 2A38B38D1D12EC76000A496B /* LaunchScreen.storyboard */; };
		2A38B39A1D12EC76000A496B /* AppTests.swift in Sources */ = {isa = PBXBuildFile; fileRef = 2A38B3991D12EC76000A496B /* AppTests.swift */; };
		2A38B3A51D12EC76000A496B /* AppUITests.swift in Sources */ = {isa = PBXBuildFile; fileRef = 2A38B3A41D12EC76000A496B /* AppUITests.swift */; };
/* End PBXBuildFile section */

/* Begin PBXContainerItemProxy section */
		2A38B3961D12EC76000A496B /* PBXContainerItemProxy */ = {
			isa = PBXContainerItemProxy;
			containerPortal = 2A38B3791D12EC76000A496B /* Project object */;
			proxyType = 1;
			remoteGlobalIDString = 2A38B3801D12EC76000A496B;
			remoteInfo = App;
		};
		2A38B3A11D12EC76000A496B /* PBXContainerItemProxy */ = {
			isa = PBXContainerItemProxy;
			containerPortal = 2A38B3791D12EC76000A496B /* Project object */;
			proxyType = 1;
			remoteGlobalIDString = 2A38B3801D12EC76000A496B;
			remoteInfo = App;
		};
/* End PBXContainerItemProxy section */

/* Begin PBXFileReference section */
		2A38B3811D12EC76000A496B /* App.app */ = {isa = PBXFileReference; explicitFileType = wrapper.application; includeInIndex = 0; path = App.app; sourceTree = BUILT_PRODUCTS_DIR; };
		2A38B3841D12EC76000A496B /* AppDelegate.swift */ = {isa = PBXFileReference; lastKnownFileType = sourcecode.swift; path = AppDelegate.swift; sourceTree = "<group>"; };
		2A38B3861D12EC76000A496B /* ViewController.swift */ = {isa = PBXFileReference; lastKnownFileType = sourcecode.swift; path = ViewController.swift; sourceTree = "<group>"; };
		2A38B3891D12EC76000A496B /* Base */ = {isa = PBXFileReference; lastKnownFileType = file.storyboard; name = Base; path = Base.lproj/Main.storyboard; sourceTree = "<group>"; };
		2A38B38B1D12EC76000A496B /* Assets.xcassets */ = {isa = PBXFileReference; lastKnownFileType = folder.assetcatalog; path = Assets.xcassets; sourceTree = "<group>"; };
		2A38B38E1D12EC76000A496B /* Base */ = {isa = PBXFileReference; lastKnownFileType = file.storyboard; name = Base; path = Base.lproj/LaunchScreen.storyboard; sourceTree = "<group>"; };
		2A38B3901D12EC76000A496B /* Info.plist */ = {isa = PBXFileReference; lastKnownFileType = text.plist.xml; path = Info.plist; sourceTree = "<group>"; };
		2A38B3951D12EC76000A496B /* AppTests.xctest */ = {isa = PBXFileReference; explicitFileType = wrapper.cfbundle; includeInIndex = 0; path = AppTests.xctest; sourceTree = BUILT_PRODUCTS_DIR; };
		2A38B3991D12EC76000A496B /* AppTests.swift */ = {isa = PBXFileReference; lastKnownFileType = sourcecode.swift; path = AppTests.swift; sourceTree = "<group>"; };
		2A38B39B1D12EC76000A496B /* Info.plist */ = {isa = PBXFileReference; lastKnownFileType = text.plist.xml; path = Info.plist; sourceTree = "<group>"; };
		2A38B3A01D12EC76000A496B /* AppUITests.xctest */ = {isa = PBXFileReference; explicitFileType = wrapper.cfbundle; includeInIndex = 0; path = AppUITests.xctest; sourceTree = BUILT_PRODUCTS_DIR; };
		2A38B3A41D12EC76000A496B /* AppUITests.swift */ = {isa = PBXFileReference; lastKnownFileType = sourcecode.swift; path = AppUITests.swift; sourceTree = "<group>"; };
		2A38B3A61D12EC76000A496B /* Info.plist */ = {isa = PBXFileReference; lastKnownFileType = text.plist.xml; path = Info.plist; sourceTree = "<group>"; };
/* End PBXFileReference section */

/* Begin PBXFrameworksBuildPhase section */
		2A38B37E1D12EC76000A496B /* Frameworks */ = {
			isa = PBXFrameworksBuildPhase;
			buildActionMask = 2147483647;
			files = (
			);
			runOnlyForDeploymentPostprocessing = 0;
		};
		2A38B3921D12EC76000A496B /* Frameworks */ = {
			isa = PBXFrameworksBuildPhase;
			buildActionMask = 2147483647;
			files = (
			);
			runOnlyForDeploymentPostprocessing = 0;
		};
		2A38B39D1D12EC76000A496B /* Frameworks */ = {
			isa = PBXFrameworksBuildPhase;
			buildActionMask = 2147483647;
			files = (
			);
			runOnlyForDeploymentPostprocessing = 0;
		};
/* End PBXFrameworksBuildPhase section */

/* Begin PBXGroup section */
		2A38B3781D12EC76000A496B = {
			isa = PBXGroup;
			children = (
				2A38B3831D12EC76000A496B /* App */,
				2A38B3981D12EC76000A496B /* AppTests */,
				2A38B3A31D12EC76000A496B /* AppUITests */,
				2A38B3821D12EC76000A496B /* Products */,
			);
			sourceTree = "<group>";
		};
		2A38B3821D12EC76000A496B /* Products */ = {
			isa = PBXGroup;
			children = (
				2A38B3811D12EC76000A496B /* App.app */,
				2A38B3951D12EC76000A496B /* AppTests.xctest */,
				2A38B3A01D12EC76000A496B /* AppUITests.xctest */,
			);
			name = Products;
			sourceTree = "<group>";
		};
		2A38B3831D12EC76000A496B /* App */ = {
			isa = PBXGroup;
			children = (
				2A38B3841D12EC76000A496B /* AppDelegate.swift */,
				2A38B3861D12EC76000A496B /* ViewController.swift */,
				2A38B3881D12EC76000A496B /* Main.storyboard */,
				2A38B38B1D12EC76000A496B /* Assets.xcassets */,
				2A38B38D1D12EC76000A496B /* LaunchScreen.storyboard */,
				2A38B3901D12EC76000A496B /* Info.plist */,
			);
			path = App;
			sourceTree = "<group>";
		};
		2A38B3981D12EC76000A496B /* AppTests */ = {
			isa = PBXGroup;
			children = (
				2A38B3991D12EC76000A496B /* AppTests.swift */,
				2A38B39B1D12EC76000A496B /* Info.plist */,
			);
			path = AppTests;
			sourceTree = "<group>";
		};
		2A38B3A31D12EC76000A496B /* AppUITests */ = {
			isa = PBXGroup;
			children = (
				2A38B3A41D12EC76000A496B /* AppUITests.swift */,
				2A38B3A61D12EC76000A496B /* Info.plist */,
			);
			path = AppUITests;
			sourceTree = "<group>";
		};
/* End PBXGroup section */

/* Begin PBXNativeTarget section */
		2A38B3801D12EC76000A496B /* App */ = {
			isa = PBXNativeTarget;
			buildConfigurationList = 2A38B3A91D12EC76000A496B /* Build configuration list for PBXNativeTarget "App" */;
			buildPhases = (
				2A38B37D1D12EC76000A496B /* Sources */,
				2A38B37E1D12EC76000A496B /* Frameworks */,
				2A38B37F1D12EC76000A496B /* Resources */,
			);
			buildRules = (
			);
			dependencies = (
			);
			name = App;
			productName = App;
			productReference = 2A38B3811D12EC76000A496B /* App.app */;
			productType = "com.apple.product-type.application";
		};
		2A38B3941D12EC76000A496B /* AppTests */ = {
			isa = PBXNativeTarget;
			buildConfigurationList = 2A38B3AC1D12EC76000A496B /* Build configuration list for PBXNativeTarget "AppTests" */;
			buildPhases = (
				2A38B3911D12EC76000A496B /* Sources */,
				2A38B3921D12EC76000A496B /* Frameworks */,
				2A38B3931D12EC76000A496B /* Resources */,
			);
			buildRules = (
			);
			dependencies = (
				2A38B3971D12EC76000A496B /* PBXTargetDependency */,
			);
			name = AppTests;
			productName = AppTests;
			productReference = 2A38B3951D12EC76000A496B /* AppTests.xctest */;
			productType = "com.apple.product-type.bundle.unit-test";
		};
		2A38B39F1D12EC76000A496B /* AppUITests */ = {
			isa = PBXNativeTarget;
			buildConfigurationList = 2A38B3AF1D12EC76000A496B /* Build configuration list for PBXNativeTarget "AppUITests" */;
			buildPhases = (
				2A38B39C1D12EC76000A496B /* Sources */,
				2A38B39D1D12EC76000A496B /* Frameworks */,
				2A38B39E1D12EC76000A496B /* Resources */,
			);
			buildRules = (
			);
			dependencies = (
				2A38B3A21D12EC76000A496B /* PBXTargetDependency */,
			);
			name = AppUITests;
			productName = AppUITests;
			productReference = 2A38B3A01D12EC76000A496B /* AppUITests.xctest */;
			productType = "com.apple.product-type.bundle.ui-testing";
		};
/* End PBXNativeTarget section */

/* Begin PBXProject section */
		2A38B3791D12EC76000A496B /* Project object */ = {
			isa = PBXProject;
			attributes = {
				LastSwiftUpdateCheck = 0710;
				LastUpgradeCheck = 0710;
				ORGANIZATIONNAME = "Jess Dunham";
				TargetAttributes = {
					2A38B3801D12EC76000A496B = {
						CreatedOnToolsVersion = 7.1.1;
					};
					2A38B3941D12EC76000A496B = {
						CreatedOnToolsVersion = 7.1.1;
						TestTargetID = 2A38B3801D12EC76000A496B;
					};
					2A38B39F1D12EC76000A496B = {
						CreatedOnToolsVersion = 7.1.1;
						TestTargetID = 2A38B3801D12EC76000A496B;
					};
				};
			};
			buildConfigurationList = 2A38B37C1D12EC76000A496B /* Build configuration list for PBXProject "App" */;
			compatibilityVersion = "Xcode 3.2";
			developmentRegion = English;
			hasScannedForEncodings = 0;
			knownRegions = (
				en,
				Base,
			);
			mainGroup = 2A38B3781D12EC76000A496B;
			productRefGroup = 2A38B3821D12EC76000A496B /* Products */;
			projectDirPath = "";
			projectRoot = "";
			targets = (
				2A38B3801D12EC76000A496B /* App */,
				2A38B3941D12EC76000A496B /* AppTests */,
				2A38B39F1D12EC76000A496B /* AppUITests */,
			);
		};
/* End PBXProject section */

/* Begin PBXResourcesBuildPhase section */
		2A38B37F1D12EC76000A496B /* Resources */ = {
			isa = PBXResourcesBuildPhase;
			buildActionMask = 2147483647;
			files = (
				2A38B38F1D12EC76000A496B /* LaunchScreen.storyboard in Resources */,
				2A38B38C1D12EC76000A496B /* Assets.xcassets in Resources */,
				2A38B38A1D12EC76000A496B /* Main.storyboard in Resources */,
			);
			runOnlyForDeploymentPostprocessing = 0;
		};
		2A38B3931D12EC76000A496B /* Resources */ = {
			isa = PBXResourcesBuildPhase;
			buildActionMask = 2147483647;
			files = (
			);
			runOnlyForDeploymentPostprocessing = 0;
		};
		2A38B39E1D12EC76000A496B /* Resources */ = {
			isa = PBXResourcesBuildPhase;
			buildActionMask = 2147483647;
			files = (
			);
			runOnlyForDeploymentPostprocessing = 0;
		};
/* End PBXResourcesBuildPhase section */

/* Begin PBXSourcesBuildPhase section */
		2A38B37D1D12EC76000A496B /* Sources */ = {
			isa = PBXSourcesBuildPhase;
			buildActionMask = 2147483647;
			files = (
				2A38B3871D12EC76000A496B /* ViewController.swift in Sources */,
				2A38B3851D12EC76000A496B /* AppDelegate.swift in Sources */,
			);
			runOnlyForDeploymentPostprocessing = 0;
		};
		2A38B3911D12EC76000A496B /* Sources */ = {
			isa = PBXSourcesBuildPhase;
			buildActionMask = 2147483647;
			files = (
				2A38B39A1D12EC76000A496B /* AppTests.swift in Sources */,
			);
			runOnlyForDeploymentPostprocessing = 0;
		};
		2A38B39C1D12EC76000A496B /* Sources */ = {
			isa = PBXSourcesBuildPhase;
			buildActionMask = 2147483647;
			files = (
				2A38B3A51D12EC76000A496B /* AppUITests.swift in Sources */,
			);
			runOnlyForDeploymentPostprocessing = 0;
		};
/* End PBXSourcesBuildPhase section */

/* Begin PBXTargetDependency section */
		2A38B3971D12EC76000A496B /* PBXTargetDependency */ = {
			isa = PBXTargetDependency;
			target = 2A38B3801D12EC76000A496B /* App */;
			targetProxy = 2A38B3961D12EC76000A496B /* PBXContainerItemProxy */;
		};
		2A38B3A21D12EC76000A496B /* PBXTargetDependency */ = {
			isa = PBXTargetDependency;
			target = 2A38B3801D12EC76000A496B /* App */;
			targetProxy = 2A38B3A11D12EC76000A496B /* PBXContainerItemProxy */;
		};
/* End PBXTargetDependency section */

/* Begin PBXVariantGroup section */
		2A38B3881D12EC76000A496B /* Main.storyboard */ = {
			isa = PBXVariantGroup;
			children = (
				2A38B3891D12EC76000A496B /* Base */,
			);
			name = Main.storyboard;
			sourceTree = "<group>";
		};
		2A38B38D1D12EC76000A496B /* LaunchScreen.storyboard */ = {
			isa = PBXVariantGroup;
			children = (
				2A38B38E1D12EC76000A496B /* Base */,
			);
			name = LaunchScreen.storyboard;
			sourceTree = "<group>";
		};
/* End PBXVariantGroup section */

/* Begin XCBuildConfiguration section */
		2A38B3A71D12EC76000A496B /* Debug */ = {
			isa = XCBuildConfiguration;
			buildSettings = {
				ALWAYS_SEARCH_USER_PATHS = NO;
				CLANG_CXX_LANGUAGE_STANDARD = "gnu++0x";
				CLANG_CXX_LIBRARY = "libc++";
				CLANG_ENABLE_MODULES = YES;
				CLANG_ENABLE_OBJC_ARC = YES;
				CLANG_WARN_BOOL_CONVERSION = YES;
				CLANG_WARN_CONSTANT_CONVERSION = YES;
				CLANG_WARN_DIRECT_OBJC_ISA_USAGE = YES_ERROR;
				CLANG_WARN_EMPTY_BODY = YES;
				CLANG_WARN_ENUM_CONVERSION = YES;
				CLANG_WARN_INT_CONVERSION = YES;
				CLANG_WARN_OBJC_ROOT_CLASS = YES_ERROR;
				CLANG_WARN_UNREACHABLE_CODE = YES;
				CLANG_WARN__DUPLICATE_METHOD_MATCH = YES;
				"CODE_SIGN_IDENTITY[sdk=iphoneos*]" = "iPhone Developer";
				COPY_PHASE_STRIP = NO;
				DEBUG_INFORMATION_FORMAT = dwarf;
				ENABLE_STRICT_OBJC_MSGSEND = YES;
				ENABLE_TESTABILITY = YES;
				GCC_C_LANGUAGE_STANDARD = gnu99;
				GCC_DYNAMIC_NO_PIC = NO;
				GCC_NO_COMMON_BLOCKS = YES;
				GCC_OPTIMIZATION_LEVEL = 0;
				GCC_PREPROCESSOR_DEFINITIONS = (
					"DEBUG=1",
					"$(inherited)",
				);
				GCC_WARN_64_TO_32_BIT_CONVERSION = YES;
				GCC_WARN_ABOUT_RETURN_TYPE = YES_ERROR;
				GCC_WARN_UNDECLARED_SELECTOR = YES;
				GCC_WARN_UNINITIALIZED_AUTOS = YES_AGGRESSIVE;
				GCC_WARN_UNUSED_FUNCTION = YES;
				GCC_WARN_UNUSED_VARIABLE = YES;
				IPHONEOS_DEPLOYMENT_TARGET = 9.1;
				MTL_ENABLE_DEBUG_INFO = YES;
				ONLY_ACTIVE_ARCH = YES;
				SDKROOT = iphoneos;
				SWIFT_OPTIMIZATION_LEVEL = "-Onone";
			};
			name = Debug;
		};
		2A38B3A81D12EC76000A496B /* Release */ = {
			isa = XCBuildConfiguration;
			buildSettings = {
				ALWAYS_SEARCH_USER_PATHS = NO;
				CLANG_CXX_LANGUAGE_STANDARD = "gnu++0x";
				CLANG_CXX_LIBRARY = "libc++";
				CLANG_ENABLE_MODULES = YES;
				CLANG_ENABLE_OBJC_ARC = YES;
				CLANG_WARN_BOOL_CONVERSION = YES;
				CLANG_WARN_CONSTANT_CONVERSION = YES;
				CLANG_WARN_DIRECT_OBJC_ISA_USAGE = YES_ERROR;
				CLANG_WARN_EMPTY_BODY = YES;
				CLANG_WARN_ENUM_CONVERSION = YES;
				CLANG_WARN_INT_CONVERSION = YES;
				CLANG_WARN_OBJC_ROOT_CLASS = YES_ERROR;
				CLANG_WARN_UNREACHABLE_CODE = YES;
				CLANG_WARN__DUPLICATE_METHOD_MATCH = YES;
				"CODE_SIGN_IDENTITY[sdk=iphoneos*]" = "iPhone Developer";
				COPY_PHASE_STRIP = NO;
				DEBUG_INFORMATION_FORMAT = "dwarf-with-dsym";
				ENABLE_NS_ASSERTIONS = NO;
				ENABLE_STRICT_OBJC_MSGSEND = YES;
				GCC_C_LANGUAGE_STANDARD = gnu99;
				GCC_NO_COMMON_BLOCKS = YES;
				GCC_WARN_64_TO_32_BIT_CONVERSION = YES;
				GCC_WARN_ABOUT_RETURN_TYPE = YES_ERROR;
				GCC_WARN_UNDECLARED_SELECTOR = YES;
				GCC_WARN_UNINITIALIZED_AUTOS = YES_AGGRESSIVE;
				GCC_WARN_UNUSED_FUNCTION = YES;
				GCC_WARN_UNUSED_VARIABLE = YES;
				IPHONEOS_DEPLOYMENT_TARGET = 9.1;
				MTL_ENABLE_DEBUG_INFO = NO;
				SDKROOT = iphoneos;
				VALIDATE_PRODUCT = YES;
			};
			name = Release;
		};
		2A38B3AA1D12EC76000A496B /* Debug */ = {
			isa = XCBuildConfiguration;
			buildSettings = {
				ASSETCATALOG_COMPILER_APPICON_NAME = AppIcon;
				INFOPLIST_FILE = App/Info.plist;
				LD_RUNPATH_SEARCH_PATHS = "$(inherited) @executable_path/Frameworks";
				PRODUCT_BUNDLE_IDENTIFIER = Kiido.App;
				PRODUCT_NAME = "$(TARGET_NAME)";
			};
			name = Debug;
		};
		2A38B3AB1D12EC76000A496B /* Release */ = {
			isa = XCBuildConfiguration;
			buildSettings = {
				ASSETCATALOG_COMPILER_APPICON_NAME = AppIcon;
				INFOPLIST_FILE = App/Info.plist;
				LD_RUNPATH_SEARCH_PATHS = "$(inherited) @executable_path/Frameworks";
				PRODUCT_BUNDLE_IDENTIFIER = Kiido.App;
				PRODUCT_NAME = "$(TARGET_NAME)";
			};
			name = Release;
		};
		2A38B3AD1D12EC76000A496B /* Debug */ = {
			isa = XCBuildConfiguration;
			buildSettings = {
				BUNDLE_LOADER = "$(TEST_HOST)";
				INFOPLIST_FILE = AppTests/Info.plist;
				LD_RUNPATH_SEARCH_PATHS = "$(inherited) @executable_path/Frameworks @loader_path/Frameworks";
				PRODUCT_BUNDLE_IDENTIFIER = Kiido.AppTests;
				PRODUCT_NAME = "$(TARGET_NAME)";
				TEST_HOST = "$(BUILT_PRODUCTS_DIR)/App.app/App";
			};
			name = Debug;
		};
		2A38B3AE1D12EC76000A496B /* Release */ = {
			isa = XCBuildConfiguration;
			buildSettings = {
				BUNDLE_LOADER = "$(TEST_HOST)";
				INFOPLIST_FILE = AppTests/Info.plist;
				LD_RUNPATH_SEARCH_PATHS = "$(inherited) @executable_path/Frameworks @loader_path/Frameworks";
				PRODUCT_BUNDLE_IDENTIFIER = Kiido.AppTests;
				PRODUCT_NAME = "$(TARGET_NAME)";
				TEST_HOST = "$(BUILT_PRODUCTS_DIR)/App.app/App";
			};
			name = Release;
		};
		2A38B3B01D12EC76000A496B /* Debug */ = {
			isa = XCBuildConfiguration;
			buildSettings = {
				INFOPLIST_FILE = AppUITests/Info.plist;
				LD_RUNPATH_SEARCH_PATHS = "$(inherited) @executable_path/Frameworks @loader_path/Frameworks";
				PRODUCT_BUNDLE_IDENTIFIER = Kiido.AppUITests;
				PRODUCT_NAME = "$(TARGET_NAME)";
				TEST_TARGET_NAME = App;
				USES_XCTRUNNER = YES;
			};
			name = Debug;
		};
		2A38B3B11D12EC76000A496B /* Release */ = {
			isa = XCBuildConfiguration;
			buildSettings = {
				INFOPLIST_FILE = AppUITests/Info.plist;
				LD_RUNPATH_SEARCH_PATHS = "$(inherited) @executable_path/Frameworks @loader_path/Frameworks";
				PRODUCT_BUNDLE_IDENTIFIER = Kiido.AppUITests;
				PRODUCT_NAME = "$(TARGET_NAME)";
				TEST_TARGET_NAME = App;
				USES_XCTRUNNER = YES;
			};
			name = Release;
		};
/* End XCBuildConfiguration section */

/* Begin XCConfigurationList section */
		2A38B37C1D12EC76000A496B /* Build configuration list for PBXProject "App" */ = {
			isa = XCConfigurationList;
			buildConfigurations = (
				2A38B3A71D12EC76000A496B /* Debug */,
				2A38B3A81D12EC76000A496B /* Release */,
			);
			defaultConfigurationIsVisible = 0;
			defaultConfigurationName = Release;
		};
		2A38B3A91D12EC76000A496B /* Build configuration list for PBXNativeTarget "App" */ = {
			isa = XCConfigurationList;
			buildConfigurations = (
				2A38B3AA1D12EC76000A496B /* Debug */,
				2A38B3AB1D12EC76000A496B /* Release */,
			);
			defaultConfigurationIsVisible = 0;
		};
		2A38B3AC1D12EC76000A496B /* Build configuration list for PBXNativeTarget "AppTests" */ = {
			isa = XCConfigurationList;
			buildConfigurations = (
				2A38B3AD1D12EC76000A496B /* Debug */,
				2A38B3AE1D12EC76000A496B /* Release */,
			);
			defaultConfigurationIsVisible = 0;
		};
		2A38B3AF1D12EC76000A496B /* Build configuration list for PBXNativeTarget "AppUITests" */ = {
			isa = XCConfigurationList;
			buildConfigurations = (
				2A38B3B01D12EC76000A496B /* Debug */,
				2A38B3B11D12EC76000A496B /* Release */,
			);
			defaultConfigurationIsVisible = 0;
		};
/* End XCConfigurationList section */
	};
	rootObject = 2A38B3791D12EC76000A496B /* Project object */;
}
